
Microsoft Visual Studio Solution File, Format Version 12.00
# Visual Studio Version 17
VisualStudioVersion = 17.14.36623.8 d17.14
MinimumVisualStudioVersion = 10.0.40219.1
Project("{FAE04EC0-301F-11D3-BF4B-00C04F79EFBC}") = "bai4", "bai4\bai4.csproj", "{9BCA8EA4-257A-4E50-B7C9-C4AA30F1D587}"
EndProject
Global
	GlobalSection(SolutionConfigurationPlatforms) = preSolution
		Debug|Any CPU = Debug|Any CPU
		Release|Any CPU = Release|Any CPU
	EndGlobalSection
	GlobalSection(ProjectConfigurationPlatforms) = postSolution
		{9BCA8EA4-257A-4E50-B7C9-C4AA30F1D587}.Debug|Any CPU.ActiveCfg = Debug|Any CPU
		{9BCA8EA4-257A-4E50-B7C9-C4AA30F1D587}.Debug|Any CPU.Build.0 = Debug|Any CPU
		{9BCA8EA4-257A-4E50-B7C9-C4AA30F1D587}.Release|Any CPU.ActiveCfg = Release|Any CPU
		{9BCA8EA4-257A-4E50-B7C9-C4AA30F1D587}.Release|Any CPU.Build.0 = Release|Any CPU
	EndGlobalSection
	GlobalSection(SolutionProperties) = preSolution
		HideSolutionNode = FALSE
	EndGlobalSection
	GlobalSection(ExtensibilityGlobals) = postSolution
		SolutionGuid = {613DB43B-6A2C-4650-824D-E83BC329BAE2}
	EndGlobalSection
EndGlobal
